
Microsoft Visual Studio Solution File, Format Version 12.00
# Visual Studio Version 17
VisualStudioVersion = 17.4.33213.308
MinimumVisualStudioVersion = 10.0.40219.1
Project("{FAE04EC0-301F-11D3-BF4B-00C04F79EFBC}") = "ApiCodeSnippets", "ApiCodeSnippets\ApiCodeSnippets.csproj", "{35E2193E-8A67-4175-9AC8-552A933101AF}"
EndProject
Global
	GlobalSection(SolutionConfigurationPlatforms) = preSolution
		Debug|Any CPU = Debug|Any CPU
		Release|Any CPU = Release|Any CPU
	EndGlobalSection
	GlobalSection(ProjectConfigurationPlatforms) = postSolution
		{35E2193E-8A67-4175-9AC8-552A933101AF}.Debug|Any CPU.ActiveCfg = Debug|Any CPU
		{35E2193E-8A67-4175-9AC8-552A933101AF}.Debug|Any CPU.Build.0 = Debug|Any CPU
		{35E2193E-8A67-4175-9AC8-552A933101AF}.Release|Any CPU.ActiveCfg = Release|Any CPU
		{35E2193E-8A67-4175-9AC8-552A933101AF}.Release|Any CPU.Build.0 = Release|Any CPU
	EndGlobalSection
	GlobalSection(SolutionProperties) = preSolution
		HideSolutionNode = FALSE
	EndGlobalSection
	GlobalSection(ExtensibilityGlobals) = postSolution
		SolutionGuid = {EC6AB5DD-C07A-4C84-A3B8-271D55C64FEF}
	EndGlobalSection
EndGlobal
